
Microsoft Visual Studio Solution File, Format Version 12.00
# Visual Studio 2012
Project("{FAE04EC0-301F-11D3-BF4B-00C04F79EFBC}") = "WindowsFormsApplication1", "WindowsFormsApplication1\WindowsFormsApplication1.csproj", "{8602A04E-5EA6-47E4-B7D3-64802BAAD385}"
EndProject
Global
	GlobalSection(SolutionConfigurationPlatforms) = preSolution
		Debug|Any CPU = Debug|Any CPU
		Release|Any CPU = Release|Any CPU
	EndGlobalSection
	GlobalSection(ProjectConfigurationPlatforms) = postSolution
		{8602A04E-5EA6-47E4-B7D3-64802BAAD385}.Debug|Any CPU.ActiveCfg = Debug|Any CPU
		{8602A04E-5EA6-47E4-B7D3-64802BAAD385}.Debug|Any CPU.Build.0 = Debug|Any CPU
		{8602A04E-5EA6-47E4-B7D3-64802BAAD385}.Release|Any CPU.ActiveCfg = Release|Any CPU
		{8602A04E-5EA6-47E4-B7D3-64802BAAD385}.Release|Any CPU.Build.0 = Release|Any CPU
	EndGlobalSection
	GlobalSection(SolutionProperties) = preSolution
		HideSolutionNode = FALSE
	EndGlobalSection
EndGlobal
